
Microsoft Visual Studio Solution File, Format Version 12.00
# Visual Studio Version 17
VisualStudioVersion = 17.3.32929.385
MinimumVisualStudioVersion = 10.0.40219.1
Project("{FAE04EC0-301F-11D3-BF4B-00C04F79EFBC}") = "lab7.2(console)", "lab7.2(console)\lab7.2(console).csproj", "{F9099CCA-D873-4EE9-BDD7-7E5A366690B9}"
EndProject
Global
	GlobalSection(SolutionConfigurationPlatforms) = preSolution
		Debug|Any CPU = Debug|Any CPU
		Release|Any CPU = Release|Any CPU
	EndGlobalSection
	GlobalSection(ProjectConfigurationPlatforms) = postSolution
		{F9099CCA-D873-4EE9-BDD7-7E5A366690B9}.Debug|Any CPU.ActiveCfg = Debug|Any CPU
		{F9099CCA-D873-4EE9-BDD7-7E5A366690B9}.Debug|Any CPU.Build.0 = Debug|Any CPU
		{F9099CCA-D873-4EE9-BDD7-7E5A366690B9}.Release|Any CPU.ActiveCfg = Release|Any CPU
		{F9099CCA-D873-4EE9-BDD7-7E5A366690B9}.Release|Any CPU.Build.0 = Release|Any CPU
	EndGlobalSection
	GlobalSection(SolutionProperties) = preSolution
		HideSolutionNode = FALSE
	EndGlobalSection
	GlobalSection(ExtensibilityGlobals) = postSolution
		SolutionGuid = {7A1F7589-A6EC-4762-886B-AEBEDEA242D0}
	EndGlobalSection
EndGlobal
